
Microsoft Visual Studio Solution File, Format Version 12.00
# Visual Studio Version 16
VisualStudioVersion = 16.0.31313.79
MinimumVisualStudioVersion = 10.0.40219.1
Project("{2150E333-8FDC-42A3-9474-1A3956D46DE8}") = "Solution Items", "Solution Items", "{B9614B5F-9E07-404E-AE7B-B2C2E1FCE1C4}"
	ProjectSection(SolutionItems) = preProject
		ReadMe.md = ReadMe.md
	EndProjectSection
EndProject
Project("{FAE04EC0-301F-11D3-BF4B-00C04F79EFBC}") = "TaxTest", "Tax\TaxTest.csproj", "{A9017FEE-96FE-4EA1-AB29-24357F4DFC85}"
EndProject
Project("{FAE04EC0-301F-11D3-BF4B-00C04F79EFBC}") = "Infra.Data", "Infra.Data\Infra.Data.csproj", "{F7711808-DD89-4CA0-985A-AE05E9C45715}"
EndProject
Global
	GlobalSection(SolutionConfigurationPlatforms) = preSolution
		Debug|Any CPU = Debug|Any CPU
		Release|Any CPU = Release|Any CPU
	EndGlobalSection
	GlobalSection(ProjectConfigurationPlatforms) = postSolution
		{A9017FEE-96FE-4EA1-AB29-24357F4DFC85}.Debug|Any CPU.ActiveCfg = Debug|Any CPU
		{A9017FEE-96FE-4EA1-AB29-24357F4DFC85}.Debug|Any CPU.Build.0 = Debug|Any CPU
		{A9017FEE-96FE-4EA1-AB29-24357F4DFC85}.Release|Any CPU.ActiveCfg = Release|Any CPU
		{A9017FEE-96FE-4EA1-AB29-24357F4DFC85}.Release|Any CPU.Build.0 = Release|Any CPU
		{F7711808-DD89-4CA0-985A-AE05E9C45715}.Debug|Any CPU.ActiveCfg = Debug|Any CPU
		{F7711808-DD89-4CA0-985A-AE05E9C45715}.Debug|Any CPU.Build.0 = Debug|Any CPU
		{F7711808-DD89-4CA0-985A-AE05E9C45715}.Release|Any CPU.ActiveCfg = Release|Any CPU
		{F7711808-DD89-4CA0-985A-AE05E9C45715}.Release|Any CPU.Build.0 = Release|Any CPU
	EndGlobalSection
	GlobalSection(SolutionProperties) = preSolution
		HideSolutionNode = FALSE
	EndGlobalSection
	GlobalSection(ExtensibilityGlobals) = postSolution
		SolutionGuid = {CC509286-D421-4A81-BE23-B43DF63A8873}
	EndGlobalSection
EndGlobal
